
Microsoft Visual Studio Solution File, Format Version 12.00
# Visual Studio Version 16
VisualStudioVersion = 16.0.29926.136
MinimumVisualStudioVersion = 10.0.40219.1
Project("{FAE04EC0-301F-11D3-BF4B-00C04F79EFBC}") = "InfiniteAxisUtilitySystem", "InfiniteAxisUtilitySystem\InfiniteAxisUtilitySystem.csproj", "{3C24DE80-CDDE-4EAF-86EF-2081313E9514}"
EndProject
Global
	GlobalSection(SolutionConfigurationPlatforms) = preSolution
		Debug|Any CPU = Debug|Any CPU
		Release|Any CPU = Release|Any CPU
	EndGlobalSection
	GlobalSection(ProjectConfigurationPlatforms) = postSolution
		{3C24DE80-CDDE-4EAF-86EF-2081313E9514}.Debug|Any CPU.ActiveCfg = Debug|Any CPU
		{3C24DE80-CDDE-4EAF-86EF-2081313E9514}.Debug|Any CPU.Build.0 = Debug|Any CPU
		{3C24DE80-CDDE-4EAF-86EF-2081313E9514}.Release|Any CPU.ActiveCfg = Release|Any CPU
		{3C24DE80-CDDE-4EAF-86EF-2081313E9514}.Release|Any CPU.Build.0 = Release|Any CPU
	EndGlobalSection
	GlobalSection(SolutionProperties) = preSolution
		HideSolutionNode = FALSE
	EndGlobalSection
	GlobalSection(ExtensibilityGlobals) = postSolution
		SolutionGuid = {468A43DC-5B13-4331-A2C1-7F2B1C86444D}
	EndGlobalSection
EndGlobal
